Microsoft Visual Studio Solution File, Format Version 12.00
# Visual Studio 2012
Project("{FAE04EC0-301F-11D3-BF4B-00C04F79EFBC}") = "stardust", "stardust.csproj", "{09569243-964B-4F28-BE35-E4209A2D40CD}"
EndProject
Global
	GlobalSection(SolutionConfigurationPlatforms) = preSolution
	Debug|Any CPU = Debug|Any CPU
	ExportDebug|Any CPU = ExportDebug|Any CPU
	ExportRelease|Any CPU = ExportRelease|Any CPU
	EndGlobalSection
	GlobalSection(ProjectConfigurationPlatforms) = postSolution
		{09569243-964B-4F28-BE35-E4209A2D40CD}.Debug|Any CPU.ActiveCfg = Debug|Any CPU
		{09569243-964B-4F28-BE35-E4209A2D40CD}.Debug|Any CPU.Build.0 = Debug|Any CPU
		{09569243-964B-4F28-BE35-E4209A2D40CD}.ExportDebug|Any CPU.ActiveCfg = ExportDebug|Any CPU
		{09569243-964B-4F28-BE35-E4209A2D40CD}.ExportDebug|Any CPU.Build.0 = ExportDebug|Any CPU
		{09569243-964B-4F28-BE35-E4209A2D40CD}.ExportRelease|Any CPU.ActiveCfg = ExportRelease|Any CPU
		{09569243-964B-4F28-BE35-E4209A2D40CD}.ExportRelease|Any CPU.Build.0 = ExportRelease|Any CPU
	EndGlobalSection
EndGlobal
